
Microsoft Visual Studio Solution File, Format Version 12.00
# Visual Studio Version 17
VisualStudioVersion = 17.6.33815.320
MinimumVisualStudioVersion = 10.0.40219.1
Project("{FAE04EC0-301F-11D3-BF4B-00C04F79EFBC}") = "Prototype 3", "Prototype 3.csproj", "{999605C3-FC3F-4218-BB2E-280A7CAC333F}"
EndProject
Global
	GlobalSection(SolutionConfigurationPlatforms) = preSolution
		Debug|Any CPU = Debug|Any CPU
		Release|Any CPU = Release|Any CPU
	EndGlobalSection
	GlobalSection(ProjectConfigurationPlatforms) = postSolution
		{999605C3-FC3F-4218-BB2E-280A7CAC333F}.Debug|Any CPU.ActiveCfg = Debug|Any CPU
		{999605C3-FC3F-4218-BB2E-280A7CAC333F}.Debug|Any CPU.Build.0 = Debug|Any CPU
		{999605C3-FC3F-4218-BB2E-280A7CAC333F}.Release|Any CPU.ActiveCfg = Release|Any CPU
		{999605C3-FC3F-4218-BB2E-280A7CAC333F}.Release|Any CPU.Build.0 = Release|Any CPU
	EndGlobalSection
	GlobalSection(SolutionProperties) = preSolution
		HideSolutionNode = FALSE
	EndGlobalSection
	GlobalSection(ExtensibilityGlobals) = postSolution
		SolutionGuid = {841BE9F6-98CD-4A4E-9C53-7F4102946A5C}
	EndGlobalSection
EndGlobal
